{
    "_readme": [
        "This file locks the dependencies of your project to a known state",
        "Read more about it at https://getcomposer.org/doc/01-basic-usage.md#composer-lock-the-lock-file",
        "This file is @generated automatically"
    ],
    "hash": "b7335c8c4d00d0e3ef578dd58b71bb41",
    "content-hash": "468bbfe89452f89871c57cfb06277af8",
    "packages": [
        {
            "name": "dropbox/dropbox-sdk",
            "version": "v1.1.7",
            "source": {
                "type": "git",
                "url": "https://github.com/dropbox/dropbox-sdk-php.git",
                "reference": "0f1a178ca9c0271bca6426dde8f5a2241578deae"
            },
            "dist": {
                "type": "zip",
                "url": "https://api.github.com/repos/dropbox/dropbox-sdk-php/zipball/0f1a178ca9c0271bca6426dde8f5a2241578deae",
                "reference": "0f1a178ca9c0271bca6426dde8f5a2241578deae",
                "shasum": ""
            },
            "require": {
                "ext-curl": "*",
                "php": ">= 5.3"
            },
            "require-dev": {
                "apigen/apigen": "4.1.2",
                "phpunit/phpunit": "~4.0",
                "squizlabs/php_codesniffer": "2.0.0RC3"
            },
            "type": "library",
            "autoload": {
                "psr-0": {
                    "Dropbox": "lib/"
                }
            },
            "notification-url": "https://packagist.org/downloads/",
            "license": [
                "MIT"
            ],
            "description": "Dropbox SDK for PHP",
            "keywords": [
                "dropbox"
            ],
            "time": "2016-08-08 23:48:49"
        },
        {
            "name": "symfony/console",
            "version": "v3.1.4",
            "source": {
                "type": "git",
                "url": "https://github.com/symfony/console.git",
                "reference": "8ea494c34f0f772c3954b5fbe00bffc5a435e563"
            },
            "dist": {
                "type": "zip",
                "url": "https://api.github.com/repos/symfony/console/zipball/8ea494c34f0f772c3954b5fbe00bffc5a435e563",
                "reference": "8ea494c34f0f772c3954b5fbe00bffc5a435e563",
                "shasum": ""
            },
            "require": {
                "php": ">=5.5.9",
                "symfony/polyfill-mbstring": "~1.0"
            },
            "require-dev": {
                "psr/log": "~1.0",
                "symfony/event-dispatcher": "~2.8|~3.0",
                "symfony/process": "~2.8|~3.0"
            },
            "suggest": {
                "psr/log": "For using the console logger",
                "symfony/event-dispatcher": "",
                "symfony/process": ""
            },
            "type": "library",
            "extra": {
                "branch-alias": {
                    "dev-master": "3.1-dev"
                }
            },
            "autoload": {
                "psr-4": {
                    "Symfony\\Component\\Console\\": ""
                },
                "exclude-from-classmap": [
                    "/Tests/"
                ]
            },
            "notification-url": "https://packagist.org/downloads/",
            "license": [
                "MIT"
            ],
            "authors": [
                {
                    "name": "Fabien Potencier",
                    "email": "fabien@symfony.com"
                },
                {
                    "name": "Symfony Community",
                    "homepage": "https://symfony.com/contributors"
                }
            ],
            "description": "Symfony Console Component",
            "homepage": "https://symfony.com",
            "time": "2016-08-19 06:48:39"
        },
        {
            "name": "symfony/filesystem",
            "version": "v3.1.4",
            "source": {
                "type": "git",
                "url": "https://github.com/symfony/filesystem.git",
                "reference": "bb29adceb552d202b6416ede373529338136e84f"
            },
            "dist": {
                "type": "zip",
                "url": "https://api.github.com/repos/symfony/filesystem/zipball/bb29adceb552d202b6416ede373529338136e84f",
                "reference": "bb29adceb552d202b6416ede373529338136e84f",
                "shasum": ""
            },
            "require": {
                "php": ">=5.5.9"
            },
            "type": "library",
            "extra": {
                "branch-alias": {
                    "dev-master": "3.1-dev"
                }
            },
            "autoload": {
                "psr-4": {
                    "Symfony\\Component\\Filesystem\\": ""
                },
                "exclude-from-classmap": [
                    "/Tests/"
                ]
            },
            "notification-url": "https://packagist.org/downloads/",
            "license": [
                "MIT"
            ],
            "authors": [
                {
                    "name": "Fabien Potencier",
                    "email": "fabien@symfony.com"
                },
                {
                    "name": "Symfony Community",
                    "homepage": "https://symfony.com/contributors"
                }
            ],
            "description": "Symfony Filesystem Component",
            "homepage": "https://symfony.com",
            "time": "2016-07-20 05:44:26"
        },
        {
            "name": "symfony/finder",
            "version": "v3.1.4",
            "source": {
                "type": "git",
                "url": "https://github.com/symfony/finder.git",
                "reference": "e568ef1784f447a0e54dcb6f6de30b9747b0f577"
            },
            "dist": {
                "type": "zip",
                "url": "https://api.github.com/repos/symfony/finder/zipball/e568ef1784f447a0e54dcb6f6de30b9747b0f577",
                "reference": "e568ef1784f447a0e54dcb6f6de30b9747b0f577",
                "shasum": ""
            },
            "require": {
                "php": ">=5.5.9"
            },
            "type": "library",
            "extra": {
                "branch-alias": {
                    "dev-master": "3.1-dev"
                }
            },
            "autoload": {
                "psr-4": {
                    "Symfony\\Component\\Finder\\": ""
                },
                "exclude-from-classmap": [
                    "/Tests/"
                ]
            },
            "notification-url": "https://packagist.org/downloads/",
            "license": [
                "MIT"
            ],
            "authors": [
                {
                    "name": "Fabien Potencier",
                    "email": "fabien@symfony.com"
                },
                {
                    "name": "Symfony Community",
                    "homepage": "https://symfony.com/contributors"
                }
            ],
            "description": "Symfony Finder Component",
            "homepage": "https://symfony.com",
            "time": "2016-08-26 12:04:02"
        },
        {
            "name": "symfony/polyfill-mbstring",
            "version": "v1.2.0",
            "source": {
                "type": "git",
                "url": "https://github.com/symfony/polyfill-mbstring.git",
                "reference": "dff51f72b0706335131b00a7f49606168c582594"
            },
            "dist": {
                "type": "zip",
                "url": "https://api.github.com/repos/symfony/polyfill-mbstring/zipball/dff51f72b0706335131b00a7f49606168c582594",
                "reference": "dff51f72b0706335131b00a7f49606168c582594",
                "shasum": ""
            },
            "require": {
                "php": ">=5.3.3"
            },
            "suggest": {
                "ext-mbstring": "For best performance"
            },
            "type": "library",
            "extra": {
                "branch-alias": {
                    "dev-master": "1.2-dev"
                }
            },
            "autoload": {
                "psr-4": {
                    "Symfony\\Polyfill\\Mbstring\\": ""
                },
                "files": [
                    "bootstrap.php"
                ]
            },
            "notification-url": "https://packagist.org/downloads/",
            "license": [
                "MIT"
            ],
            "authors": [
                {
                    "name": "Nicolas Grekas",
                    "email": "p@tchwork.com"
                },
                {
                    "name": "Symfony Community",
                    "homepage": "https://symfony.com/contributors"
                }
            ],
            "description": "Symfony polyfill for the Mbstring extension",
            "homepage": "https://symfony.com",
            "keywords": [
                "compatibility",
                "mbstring",
                "polyfill",
                "portable",
                "shim"
            ],
            "time": "2016-05-18 14:26:46"
        },
        {
            "name": "symfony/process",
            "version": "v3.1.4",
            "source": {
                "type": "git",
                "url": "https://github.com/symfony/process.git",
                "reference": "e64e93041c80e77197ace5ab9385dedb5a143697"
            },
            "dist": {
                "type": "zip",
                "url": "https://api.github.com/repos/symfony/process/zipball/e64e93041c80e77197ace5ab9385dedb5a143697",
                "reference": "e64e93041c80e77197ace5ab9385dedb5a143697",
                "shasum": ""
            },
            "require": {
                "php": ">=5.5.9"
            },
            "type": "library",
            "extra": {
                "branch-alias": {
                    "dev-master": "3.1-dev"
                }
            },
            "autoload": {
                "psr-4": {
                    "Symfony\\Component\\Process\\": ""
                },
                "exclude-from-classmap": [
                    "/Tests/"
                ]
            },
            "notification-url": "https://packagist.org/downloads/",
            "license": [
                "MIT"
            ],
            "authors": [
                {
                    "name": "Fabien Potencier",
                    "email": "fabien@symfony.com"
                },
                {
                    "name": "Symfony Community",
                    "homepage": "https://symfony.com/contributors"
                }
            ],
            "description": "Symfony Process Component",
            "homepage": "https://symfony.com",
            "time": "2016-08-16 14:58:24"
        },
        {
            "name": "symfony/yaml",
            "version": "v3.1.4",
            "source": {
                "type": "git",
                "url": "https://github.com/symfony/yaml.git",
                "reference": "f291ed25eb1435bddbe8a96caaef16469c2a092d"
            },
            "dist": {
                "type": "zip",
                "url": "https://api.github.com/repos/symfony/yaml/zipball/f291ed25eb1435bddbe8a96caaef16469c2a092d",
                "reference": "f291ed25eb1435bddbe8a96caaef16469c2a092d",
                "shasum": ""
            },
            "require": {
                "php": ">=5.5.9"
            },
            "type": "library",
            "extra": {
                "branch-alias": {
                    "dev-master": "3.1-dev"
                }
            },
            "autoload": {
                "psr-4": {
                    "Symfony\\Component\\Yaml\\": ""
                },
                "exclude-from-classmap": [
                    "/Tests/"
                ]
            },
            "notification-url": "https://packagist.org/downloads/",
            "license": [
                "MIT"
            ],
            "authors": [
                {
                    "name": "Fabien Potencier",
                    "email": "fabien@symfony.com"
                },
                {
                    "name": "Symfony Community",
                    "homepage": "https://symfony.com/contributors"
                }
            ],
            "description": "Symfony Yaml Component",
            "homepage": "https://symfony.com",
            "time": "2016-09-02 02:12:52"
        }
    ],
    "packages-dev": [
        {
            "name": "symfony/var-dumper",
            "version": "v3.1.4",
            "source": {
                "type": "git",
                "url": "https://github.com/symfony/var-dumper.git",
                "reference": "62ee73706c421654a4c840028954510277f7dfc8"
            },
            "dist": {
                "type": "zip",
                "url": "https://api.github.com/repos/symfony/var-dumper/zipball/62ee73706c421654a4c840028954510277f7dfc8",
                "reference": "62ee73706c421654a4c840028954510277f7dfc8",
                "shasum": ""
            },
            "require": {
                "php": ">=5.5.9",
                "symfony/polyfill-mbstring": "~1.0"
            },
            "require-dev": {
                "twig/twig": "~1.20|~2.0"
            },
            "suggest": {
                "ext-symfony_debug": ""
            },
            "type": "library",
            "extra": {
                "branch-alias": {
                    "dev-master": "3.1-dev"
                }
            },
            "autoload": {
                "files": [
                    "Resources/functions/dump.php"
                ],
                "psr-4": {
                    "Symfony\\Component\\VarDumper\\": ""
                },
                "exclude-from-classmap": [
                    "/Tests/"
                ]
            },
            "notification-url": "https://packagist.org/downloads/",
            "license": [
                "MIT"
            ],
            "authors": [
                {
                    "name": "Nicolas Grekas",
                    "email": "p@tchwork.com"
                },
                {
                    "name": "Symfony Community",
                    "homepage": "https://symfony.com/contributors"
                }
            ],
            "description": "Symfony mechanism for exploring and dumping PHP variables",
            "homepage": "https://symfony.com",
            "keywords": [
                "debug",
                "dump"
            ],
            "time": "2016-08-31 09:05:42"
        }
    ],
    "aliases": [],
    "minimum-stability": "stable",
    "stability-flags": [],
    "prefer-stable": false,
    "prefer-lowest": false,
    "platform": [],
    "platform-dev": []
}
